DEPENDENCIES
  seven_zip
    git: git://github.com/daptiv/seven_zip.git
    revision: debee422459a4a8f1d7573424d865805badb5fd5
  visualstudio
    path: .
    metadata: true

GRAPH
  chef_handler (1.1.6)
  seven_zip (1.0.3)
    windows (>= 1.2.2)
  visualstudio (0.1.0)
    seven_zip (>= 0.0.0)
    windows (>= 0.0.0)
  windows (1.33.1)
    chef_handler (>= 0.0.0)
